// !$*UTF8*$!
{
	archiveVersion = 1;
	classes = {
	};
	objectVersion = 55;
	objects = {

/* Begin PBXBuildFile section */
		144BC01D28506E23003DD6C5 /* AppDelegate.swift in Sources */ = {isa = PBXBuildFile; fileRef = 144BC01C28506E23003DD6C5 /* AppDelegate.swift */; };
		144BC02128506E23003DD6C5 /* FirstViewController.swift in Sources */ = {isa = PBXBuildFile; fileRef = 144BC02028506E23003DD6C5 /* FirstViewController.swift */; };
		144BC02428506E23003DD6C5 /* Main.storyboard in Resources */ = {isa = PBXBuildFile; fileRef = 144BC02228506E23003DD6C5 /* Main.storyboard */; };
		144BC02628506E24003DD6C5 /* Assets.xcassets in Resources */ = {isa = PBXBuildFile; fileRef = 144BC02528506E24003DD6C5 /* Assets.xcassets */; };
		144BC02928506E24003DD6C5 /* LaunchScreen.storyboard in Resources */ = {isa = PBXBuildFile; fileRef = 144BC02728506E24003DD6C5 /* LaunchScreen.storyboard */; };
		144BC03428506F59003DD6C5 /* Coordinator.swift in Sources */ = {isa = PBXBuildFile; fileRef = 144BC03328506F59003DD6C5 /* Coordinator.swift */; };
		144BC03628507018003DD6C5 /* AppCoordinator.swift in Sources */ = {isa = PBXBuildFile; fileRef = 144BC03528507018003DD6C5 /* AppCoordinator.swift */; };
		144BC03828507172003DD6C5 /* SecondViewController.swift in Sources */ = {isa = PBXBuildFile; fileRef = 144BC03728507172003DD6C5 /* SecondViewController.swift */; };
		144BC03A285071AF003DD6C5 /* ThirdViewController.swift in Sources */ = {isa = PBXBuildFile; fileRef = 144BC039285071AF003DD6C5 /* ThirdViewController.swift */; };
		144BC03C28507364003DD6C5 /* Storyboardable.swift in Sources */ = {isa = PBXBuildFile; fileRef = 144BC03B28507364003DD6C5 /* Storyboardable.swift */; };
/* End PBXBuildFile section */

/* Begin PBXFileReference section */
		144BC01928506E23003DD6C5 /* LexoneSwiftLesson04-Coordinator.app */ = {isa = PBXFileReference; explicitFileType = wrapper.application; includeInIndex = 0; path = "LexoneSwiftLesson04-Coordinator.app"; sourceTree = BUILT_PRODUCTS_DIR; };
		144BC01C28506E23003DD6C5 /* AppDelegate.swift */ = {isa = PBXFileReference; lastKnownFileType = sourcecode.swift; path = AppDelegate.swift; sourceTree = "<group>"; };
		144BC02028506E23003DD6C5 /* FirstViewController.swift */ = {isa = PBXFileReference; lastKnownFileType = sourcecode.swift; path = FirstViewController.swift; sourceTree = "<group>"; };
		144BC02328506E23003DD6C5 /* Base */ = {isa = PBXFileReference; lastKnownFileType = file.storyboard; name = Base; path = Base.lproj/Main.storyboard; sourceTree = "<group>"; };
		144BC02528506E24003DD6C5 /* Assets.xcassets */ = {isa = PBXFileReference; lastKnownFileType = folder.assetcatalog; path = Assets.xcassets; sourceTree = "<group>"; };
		144BC02828506E24003DD6C5 /* Base */ = {isa = PBXFileReference; lastKnownFileType = file.storyboard; name = Base; path = Base.lproj/LaunchScreen.storyboard; sourceTree = "<group>"; };
		144BC02A28506E24003DD6C5 /* Info.plist */ = {isa = PBXFileReference; lastKnownFileType = text.plist.xml; path = Info.plist; sourceTree = "<group>"; };
		144BC03328506F59003DD6C5 /* Coordinator.swift */ = {isa = PBXFileReference; lastKnownFileType = sourcecode.swift; path = Coordinator.swift; sourceTree = "<group>"; };
		144BC03528507018003DD6C5 /* AppCoordinator.swift */ = {isa = PBXFileReference; lastKnownFileType = sourcecode.swift; path = AppCoordinator.swift; sourceTree = "<group>"; };
		144BC03728507172003DD6C5 /* SecondViewController.swift */ = {isa = PBXFileReference; lastKnownFileType = sourcecode.swift; path = SecondViewController.swift; sourceTree = "<group>"; };
		144BC039285071AF003DD6C5 /* ThirdViewController.swift */ = {isa = PBXFileReference; lastKnownFileType = sourcecode.swift; path = ThirdViewController.swift; sourceTree = "<group>"; };
		144BC03B28507364003DD6C5 /* Storyboardable.swift */ = {isa = PBXFileReference; lastKnownFileType = sourcecode.swift; path = Storyboardable.swift; sourceTree = "<group>"; };
/* End PBXFileReference section */

/* Begin PBXFrameworksBuildPhase section */
		144BC01628506E23003DD6C5 /* Frameworks */ = {
			isa = PBXFrameworksBuildPhase;
			buildActionMask = 2147483647;
			files = (
			);
			runOnlyForDeploymentPostprocessing = 0;
		};
/* End PBXFrameworksBuildPhase section */

/* Begin PBXGroup section */
		144BC01028506E23003DD6C5 = {
			isa = PBXGroup;
			children = (
				144BC01B28506E23003DD6C5 /* LexoneSwiftLesson04-Coordinator */,
				144BC01A28506E23003DD6C5 /* Products */,
			);
			sourceTree = "<group>";
		};
		144BC01A28506E23003DD6C5 /* Products */ = {
			isa = PBXGroup;
			children = (
				144BC01928506E23003DD6C5 /* LexoneSwiftLesson04-Coordinator.app */,
			);
			name = Products;
			sourceTree = "<group>";
		};
		144BC01B28506E23003DD6C5 /* LexoneSwiftLesson04-Coordinator */ = {
			isa = PBXGroup;
			children = (
				144BC03028506E2A003DD6C5 /* Coordinators */,
				144BC03228506E6D003DD6C5 /* Views */,
				144BC01C28506E23003DD6C5 /* AppDelegate.swift */,
				144BC02528506E24003DD6C5 /* Assets.xcassets */,
				144BC02728506E24003DD6C5 /* LaunchScreen.storyboard */,
				144BC02A28506E24003DD6C5 /* Info.plist */,
			);
			path = "LexoneSwiftLesson04-Coordinator";
			sourceTree = "<group>";
		};
		144BC03028506E2A003DD6C5 /* Coordinators */ = {
			isa = PBXGroup;
			children = (
				144BC03128506E47003DD6C5 /* Protocols */,
				144BC03528507018003DD6C5 /* AppCoordinator.swift */,
			);
			path = Coordinators;
			sourceTree = "<group>";
		};
		144BC03128506E47003DD6C5 /* Protocols */ = {
			isa = PBXGroup;
			children = (
				144BC03328506F59003DD6C5 /* Coordinator.swift */,
			);
			path = Protocols;
			sourceTree = "<group>";
		};
		144BC03228506E6D003DD6C5 /* Views */ = {
			isa = PBXGroup;
			children = (
				144BC02228506E23003DD6C5 /* Main.storyboard */,
				144BC02028506E23003DD6C5 /* FirstViewController.swift */,
				144BC03728507172003DD6C5 /* SecondViewController.swift */,
				144BC039285071AF003DD6C5 /* ThirdViewController.swift */,
				144BC03B28507364003DD6C5 /* Storyboardable.swift */,
			);
			path = Views;
			sourceTree = "<group>";
		};
/* End PBXGroup section */

/* Begin PBXNativeTarget section */
		144BC01828506E23003DD6C5 /* LexoneSwiftLesson04-Coordinator */ = {
			isa = PBXNativeTarget;
			buildConfigurationList = 144BC02D28506E24003DD6C5 /* Build configuration list for PBXNativeTarget "LexoneSwiftLesson04-Coordinator" */;
			buildPhases = (
				144BC01528506E23003DD6C5 /* Sources */,
				144BC01628506E23003DD6C5 /* Frameworks */,
				144BC01728506E23003DD6C5 /* Resources */,
			);
			buildRules = (
			);
			dependencies = (
			);
			name = "LexoneSwiftLesson04-Coordinator";
			productName = "LexoneSwiftLesson04-Coordinator";
			productReference = 144BC01928506E23003DD6C5 /* LexoneSwiftLesson04-Coordinator.app */;
			productType = "com.apple.product-type.application";
		};
/* End PBXNativeTarget section */

/* Begin PBXProject section */
		144BC01128506E23003DD6C5 /* Project object */ = {
			isa = PBXProject;
			attributes = {
				BuildIndependentTargetsInParallel = 1;
				LastSwiftUpdateCheck = 1340;
				LastUpgradeCheck = 1340;
				TargetAttributes = {
					144BC01828506E23003DD6C5 = {
						CreatedOnToolsVersion = 13.4.1;
					};
				};
			};
			buildConfigurationList = 144BC01428506E23003DD6C5 /* Build configuration list for PBXProject "LexoneSwiftLesson04-Coordinator" */;
			compatibilityVersion = "Xcode 13.0";
			developmentRegion = en;
			hasScannedForEncodings = 0;
			knownRegions = (
				en,
				Base,
			);
			mainGroup = 144BC01028506E23003DD6C5;
			productRefGroup = 144BC01A28506E23003DD6C5 /* Products */;
			projectDirPath = "";
			projectRoot = "";
			targets = (
				144BC01828506E23003DD6C5 /* LexoneSwiftLesson04-Coordinator */,
			);
		};
/* End PBXProject section */

/* Begin PBXResourcesBuildPhase section */
		144BC01728506E23003DD6C5 /* Resources */ = {
			isa = PBXResourcesBuildPhase;
			buildActionMask = 2147483647;
			files = (
				144BC02928506E24003DD6C5 /* LaunchScreen.storyboard in Resources */,
				144BC02628506E24003DD6C5 /* Assets.xcassets in Resources */,
				144BC02428506E23003DD6C5 /* Main.storyboard in Resources */,
			);
			runOnlyForDeploymentPostprocessing = 0;
		};
/* End PBXResourcesBuildPhase section */

/* Begin PBXSourcesBuildPhase section */
		144BC01528506E23003DD6C5 /* Sources */ = {
			isa = PBXSourcesBuildPhase;
			buildActionMask = 2147483647;
			files = (
				144BC03628507018003DD6C5 /* AppCoordinator.swift in Sources */,
				144BC02128506E23003DD6C5 /* FirstViewController.swift in Sources */,
				144BC03C28507364003DD6C5 /* Storyboardable.swift in Sources */,
				144BC01D28506E23003DD6C5 /* AppDelegate.swift in Sources */,
				144BC03828507172003DD6C5 /* SecondViewController.swift in Sources */,
				144BC03A285071AF003DD6C5 /* ThirdViewController.swift in Sources */,
				144BC03428506F59003DD6C5 /* Coordinator.swift in Sources */,
			);
			runOnlyForDeploymentPostprocessing = 0;
		};
/* End PBXSourcesBuildPhase section */

/* Begin PBXVariantGroup section */
		144BC02228506E23003DD6C5 /* Main.storyboard */ = {
			isa = PBXVariantGroup;
			children = (
				144BC02328506E23003DD6C5 /* Base */,
			);
			name = Main.storyboard;
			sourceTree = "<group>";
		};
		144BC02728506E24003DD6C5 /* LaunchScreen.storyboard */ = {
			isa = PBXVariantGroup;
			children = (
				144BC02828506E24003DD6C5 /* Base */,
			);
			name = LaunchScreen.storyboard;
			sourceTree = "<group>";
		};
/* End PBXVariantGroup section */

/* Begin XCBuildConfiguration section */
		144BC02B28506E24003DD6C5 /* Debug */ = {
			isa = XCBuildConfiguration;
			buildSettings = {
				ALWAYS_SEARCH_USER_PATHS = NO;
				CLANG_ANALYZER_NONNULL = YES;
				CLANG_ANALYZER_NUMBER_OBJECT_CONVERSION = YES_AGGRESSIVE;
				CLANG_CXX_LANGUAGE_STANDARD = "gnu++17";
				CLANG_ENABLE_MODULES = YES;
				CLANG_ENABLE_OBJC_ARC = YES;
				CLANG_ENABLE_OBJC_WEAK = YES;
				CLANG_WARN_BLOCK_CAPTURE_AUTORELEASING = YES;
				CLANG_WARN_BOOL_CONVERSION = YES;
				CLANG_WARN_COMMA = YES;
				CLANG_WARN_CONSTANT_CONVERSION = YES;
				CLANG_WARN_DEPRECATED_OBJC_IMPLEMENTATIONS = YES;
				CLANG_WARN_DIRECT_OBJC_ISA_USAGE = YES_ERROR;
				CLANG_WARN_DOCUMENTATION_COMMENTS = YES;
				CLANG_WARN_EMPTY_BODY = YES;
				CLANG_WARN_ENUM_CONVERSION = YES;
				CLANG_WARN_INFINITE_RECURSION = YES;
				CLANG_WARN_INT_CONVERSION = YES;
				CLANG_WARN_NON_LITERAL_NULL_CONVERSION = YES;
				CLANG_WARN_OBJC_IMPLICIT_RETAIN_SELF = YES;
				CLANG_WARN_OBJC_LITERAL_CONVERSION = YES;
				CLANG_WARN_OBJC_ROOT_CLASS = YES_ERROR;
				CLANG_WARN_QUOTED_INCLUDE_IN_FRAMEWORK_HEADER = YES;
				CLANG_WARN_RANGE_LOOP_ANALYSIS = YES;
				CLANG_WARN_STRICT_PROTOTYPES = YES;
				CLANG_WARN_SUSPICIOUS_MOVE = YES;
				CLANG_WARN_UNGUARDED_AVAILABILITY = YES_AGGRESSIVE;
				CLANG_WARN_UNREACHABLE_CODE = YES;
				CLANG_WARN__DUPLICATE_METHOD_MATCH = YES;
				COPY_PHASE_STRIP = NO;
				DEBUG_INFORMATION_FORMAT = dwarf;
				ENABLE_STRICT_OBJC_MSGSEND = YES;
				ENABLE_TESTABILITY = YES;
				GCC_C_LANGUAGE_STANDARD = gnu11;
				GCC_DYNAMIC_NO_PIC = NO;
				GCC_NO_COMMON_BLOCKS = YES;
				GCC_OPTIMIZATION_LEVEL = 0;
				GCC_PREPROCESSOR_DEFINITIONS = (
					"DEBUG=1",
					"$(inherited)",
				);
				GCC_WARN_64_TO_32_BIT_CONVERSION = YES;
				GCC_WARN_ABOUT_RETURN_TYPE = YES_ERROR;
				GCC_WARN_UNDECLARED_SELECTOR = YES;
				GCC_WARN_UNINITIALIZED_AUTOS = YES_AGGRESSIVE;
				GCC_WARN_UNUSED_FUNCTION = YES;
				GCC_WARN_UNUSED_VARIABLE = YES;
				IPHONEOS_DEPLOYMENT_TARGET = 15.5;
				MTL_ENABLE_DEBUG_INFO = INCLUDE_SOURCE;
				MTL_FAST_MATH = YES;
				ONLY_ACTIVE_ARCH = YES;
				SDKROOT = iphoneos;
				SWIFT_ACTIVE_COMPILATION_CONDITIONS = DEBUG;
				SWIFT_OPTIMIZATION_LEVEL = "-Onone";
			};
			name = Debug;
		};
		144BC02C28506E24003DD6C5 /* Release */ = {
			isa = XCBuildConfiguration;
			buildSettings = {
				ALWAYS_SEARCH_USER_PATHS = NO;
				CLANG_ANALYZER_NONNULL = YES;
				CLANG_ANALYZER_NUMBER_OBJECT_CONVERSION = YES_AGGRESSIVE;
				CLANG_CXX_LANGUAGE_STANDARD = "gnu++17";
				CLANG_ENABLE_MODULES = YES;
				CLANG_ENABLE_OBJC_ARC = YES;
				CLANG_ENABLE_OBJC_WEAK = YES;
				CLANG_WARN_BLOCK_CAPTURE_AUTORELEASING = YES;
				CLANG_WARN_BOOL_CONVERSION = YES;
				CLANG_WARN_COMMA = YES;
				CLANG_WARN_CONSTANT_CONVERSION = YES;
				CLANG_WARN_DEPRECATED_OBJC_IMPLEMENTATIONS = YES;
				CLANG_WARN_DIRECT_OBJC_ISA_USAGE = YES_ERROR;
				CLANG_WARN_DOCUMENTATION_COMMENTS = YES;
				CLANG_WARN_EMPTY_BODY = YES;
				CLANG_WARN_ENUM_CONVERSION = YES;
				CLANG_WARN_INFINITE_RECURSION = YES;
				CLANG_WARN_INT_CONVERSION = YES;
				CLANG_WARN_NON_LITERAL_NULL_CONVERSION = YES;
				CLANG_WARN_OBJC_IMPLICIT_RETAIN_SELF = YES;
				CLANG_WARN_OBJC_LITERAL_CONVERSION = YES;
				CLANG_WARN_OBJC_ROOT_CLASS = YES_ERROR;
				CLANG_WARN_QUOTED_INCLUDE_IN_FRAMEWORK_HEADER = YES;
				CLANG_WARN_RANGE_LOOP_ANALYSIS = YES;
				CLANG_WARN_STRICT_PROTOTYPES = YES;
				CLANG_WARN_SUSPICIOUS_MOVE = YES;
				CLANG_WARN_UNGUARDED_AVAILABILITY = YES_AGGRESSIVE;
				CLANG_WARN_UNREACHABLE_CODE = YES;
				CLANG_WARN__DUPLICATE_METHOD_MATCH = YES;
				COPY_PHASE_STRIP = NO;
				DEBUG_INFORMATION_FORMAT = "dwarf-with-dsym";
				ENABLE_NS_ASSERTIONS = NO;
				ENABLE_STRICT_OBJC_MSGSEND = YES;
				GCC_C_LANGUAGE_STANDARD = gnu11;
				GCC_NO_COMMON_BLOCKS = YES;
				GCC_WARN_64_TO_32_BIT_CONVERSION = YES;
				GCC_WARN_ABOUT_RETURN_TYPE = YES_ERROR;
				GCC_WARN_UNDECLARED_SELECTOR = YES;
				GCC_WARN_UNINITIALIZED_AUTOS = YES_AGGRESSIVE;
				GCC_WARN_UNUSED_FUNCTION = YES;
				GCC_WARN_UNUSED_VARIABLE = YES;
				IPHONEOS_DEPLOYMENT_TARGET = 15.5;
				MTL_ENABLE_DEBUG_INFO = NO;
				MTL_FAST_MATH = YES;
				SDKROOT = iphoneos;
				SWIFT_COMPILATION_MODE = wholemodule;
				SWIFT_OPTIMIZATION_LEVEL = "-O";
				VALIDATE_PRODUCT = YES;
			};
			name = Release;
		};
		144BC02E28506E24003DD6C5 /* Debug */ = {
			isa = XCBuildConfiguration;
			buildSettings = {
				ASSETCATALOG_COMPILER_APPICON_NAME = AppIcon;
				ASSETCATALOG_COMPILER_GLOBAL_ACCENT_COLOR_NAME = AccentColor;
				CODE_SIGN_STYLE = Automatic;
				CURRENT_PROJECT_VERSION = 1;
				DEVELOPMENT_TEAM = 98ZJ8CWRWW;
				GENERATE_INFOPLIST_FILE = YES;
				INFOPLIST_FILE = "LexoneSwiftLesson04-Coordinator/Info.plist";
				INFOPLIST_KEY_UIApplicationSupportsIndirectInputEvents = YES;
				INFOPLIST_KEY_UILaunchStoryboardName = LaunchScreen;
				INFOPLIST_KEY_UISupportedInterfaceOrientations_iPad = "UIInterfaceOrientationPortrait UIInterfaceOrientationPortraitUpsideDown UIInterfaceOrientationLandscapeLeft UIInterfaceOrientationLandscapeRight";
				INFOPLIST_KEY_UISupportedInterfaceOrientations_iPhone = "UIInterfaceOrientationPortrait UIInterfaceOrientationLandscapeLeft UIInterfaceOrientationLandscapeRight";
				LD_RUNPATH_SEARCH_PATHS = (
					"$(inherited)",
					"@executable_path/Frameworks",
				);
				MARKETING_VERSION = 1.0;
				PRODUCT_BUNDLE_IDENTIFIER = "ru.kostyaalehin.LexoneSwiftLesson04-Coordinator";
				PRODUCT_NAME = "$(TARGET_NAME)";
				SWIFT_EMIT_LOC_STRINGS = YES;
				SWIFT_VERSION = 5.0;
				TARGETED_DEVICE_FAMILY = "1,2";
			};
			name = Debug;
		};
		144BC02F28506E24003DD6C5 /* Release */ = {
			isa = XCBuildConfiguration;
			buildSettings = {
				ASSETCATALOG_COMPILER_APPICON_NAME = AppIcon;
				ASSETCATALOG_COMPILER_GLOBAL_ACCENT_COLOR_NAME = AccentColor;
				CODE_SIGN_STYLE = Automatic;
				CURRENT_PROJECT_VERSION = 1;
				DEVELOPMENT_TEAM = 98ZJ8CWRWW;
				GENERATE_INFOPLIST_FILE = YES;
				INFOPLIST_FILE = "LexoneSwiftLesson04-Coordinator/Info.plist";
				INFOPLIST_KEY_UIApplicationSupportsIndirectInputEvents = YES;
				INFOPLIST_KEY_UILaunchStoryboardName = LaunchScreen;
				INFOPLIST_KEY_UISupportedInterfaceOrientations_iPad = "UIInterfaceOrientationPortrait UIInterfaceOrientationPortraitUpsideDown UIInterfaceOrientationLandscapeLeft UIInterfaceOrientationLandscapeRight";
				INFOPLIST_KEY_UISupportedInterfaceOrientations_iPhone = "UIInterfaceOrientationPortrait UIInterfaceOrientationLandscapeLeft UIInterfaceOrientationLandscapeRight";
				LD_RUNPATH_SEARCH_PATHS = (
					"$(inherited)",
					"@executable_path/Frameworks",
				);
				MARKETING_VERSION = 1.0;
				PRODUCT_BUNDLE_IDENTIFIER = "ru.kostyaalehin.LexoneSwiftLesson04-Coordinator";
				PRODUCT_NAME = "$(TARGET_NAME)";
				SWIFT_EMIT_LOC_STRINGS = YES;
				SWIFT_VERSION = 5.0;
				TARGETED_DEVICE_FAMILY = "1,2";
			};
			name = Release;
		};
/* End XCBuildConfiguration section */

/* Begin XCConfigurationList section */
		144BC01428506E23003DD6C5 /* Build configuration list for PBXProject "LexoneSwiftLesson04-Coordinator" */ = {
			isa = XCConfigurationList;
			buildConfigurations = (
				144BC02B28506E24003DD6C5 /* Debug */,
				144BC02C28506E24003DD6C5 /* Release */,
			);
			defaultConfigurationIsVisible = 0;
			defaultConfigurationName = Release;
		};
		144BC02D28506E24003DD6C5 /* Build configuration list for PBXNativeTarget "LexoneSwiftLesson04-Coordinator" */ = {
			isa = XCConfigurationList;
			buildConfigurations = (
				144BC02E28506E24003DD6C5 /* Debug */,
				144BC02F28506E24003DD6C5 /* Release */,
			);
			defaultConfigurationIsVisible = 0;
			defaultConfigurationName = Release;
		};
/* End XCConfigurationList section */
	};
	rootObject = 144BC01128506E23003DD6C5 /* Project object */;
}
